
Microsoft Visual Studio Solution File, Format Version 12.00
# Visual Studio Version 16
VisualStudioVersion = 16.0.30804.86
MinimumVisualStudioVersion = 10.0.40219.1
Project("{FAE04EC0-301F-11D3-BF4B-00C04F79EFBC}") = "BinhTung", "BinhTung\BinhTung.csproj", "{2765C79C-C24E-4E82-AB8E-D509425140AF}"
EndProject
Project("{FAE04EC0-301F-11D3-BF4B-00C04F79EFBC}") = "QTCNTT", "..\..\QTCNTT\QTCNTT\QTCNTT.csproj", "{5D03AEA8-1A7C-452D-A07D-66CAD4A6E85A}"
EndProject
Global
	GlobalSection(SolutionConfigurationPlatforms) = preSolution
		Debug|Any CPU = Debug|Any CPU
		Release|Any CPU = Release|Any CPU
	EndGlobalSection
	GlobalSection(ProjectConfigurationPlatforms) = postSolution
		{2765C79C-C24E-4E82-AB8E-D509425140AF}.Debug|Any CPU.ActiveCfg = Debug|Any CPU
		{2765C79C-C24E-4E82-AB8E-D509425140AF}.Debug|Any CPU.Build.0 = Debug|Any CPU
		{2765C79C-C24E-4E82-AB8E-D509425140AF}.Release|Any CPU.ActiveCfg = Release|Any CPU
		{2765C79C-C24E-4E82-AB8E-D509425140AF}.Release|Any CPU.Build.0 = Release|Any CPU
		{5D03AEA8-1A7C-452D-A07D-66CAD4A6E85A}.Debug|Any CPU.ActiveCfg = Debug|Any CPU
		{5D03AEA8-1A7C-452D-A07D-66CAD4A6E85A}.Debug|Any CPU.Build.0 = Debug|Any CPU
		{5D03AEA8-1A7C-452D-A07D-66CAD4A6E85A}.Release|Any CPU.ActiveCfg = Release|Any CPU
		{5D03AEA8-1A7C-452D-A07D-66CAD4A6E85A}.Release|Any CPU.Build.0 = Release|Any CPU
	EndGlobalSection
	GlobalSection(SolutionProperties) = preSolution
		HideSolutionNode = FALSE
	EndGlobalSection
	GlobalSection(ExtensibilityGlobals) = postSolution
		SolutionGuid = {F4CE1B49-11E7-45E7-B0AA-5FAFE092D8F9}
	EndGlobalSection
EndGlobal
